
Microsoft Visual Studio Solution File, Format Version 12.00
# Visual Studio 15
VisualStudioVersion = 15.0.27428.2043
MinimumVisualStudioVersion = 10.0.40219.1
Project("{FAE04EC0-301F-11D3-BF4B-00C04F79EFBC}") = "IBADemoApp", "IBADemoApp\IBADemoApp.csproj", "{BC1B063E-C983-42E9-A5B6-9655894F0CBB}"
EndProject
Global
	GlobalSection(SolutionConfigurationPlatforms) = preSolution
		Debug|Any CPU = Debug|Any CPU
		Release|Any CPU = Release|Any CPU
	EndGlobalSection
	GlobalSection(ProjectConfigurationPlatforms) = postSolution
		{BC1B063E-C983-42E9-A5B6-9655894F0CBB}.Debug|Any CPU.ActiveCfg = Debug|Any CPU
		{BC1B063E-C983-42E9-A5B6-9655894F0CBB}.Debug|Any CPU.Build.0 = Debug|Any CPU
		{BC1B063E-C983-42E9-A5B6-9655894F0CBB}.Release|Any CPU.ActiveCfg = Release|Any CPU
		{BC1B063E-C983-42E9-A5B6-9655894F0CBB}.Release|Any CPU.Build.0 = Release|Any CPU
	EndGlobalSection
	GlobalSection(SolutionProperties) = preSolution
		HideSolutionNode = FALSE
	EndGlobalSection
	GlobalSection(ExtensibilityGlobals) = postSolution
		SolutionGuid = {F87417A8-3E94-4919-ABD9-12E86C6A2C22}
	EndGlobalSection
EndGlobal
